// !$*UTF8*$!
{
	archiveVersion = 1;
	classes = {
	};
	objectVersion = 77;
	objects = {

/* Begin PBXContainerItemProxy section */
		332B8D1B2DEE69EB00E4FE94 /* PBXContainerItemProxy */ = {
			isa = PBXContainerItemProxy;
			containerPortal = 332B8D022DEE69E700E4FE94 /* Project object */;
			proxyType = 1;
			remoteGlobalIDString = 332B8D092DEE69E800E4FE94;
			remoteInfo = RecipeApp;
		};
		332B8D252DEE69EB00E4FE94 /* PBXContainerItemProxy */ = {
			isa = PBXContainerItemProxy;
			containerPortal = 332B8D022DEE69E700E4FE94 /* Project object */;
			proxyType = 1;
			remoteGlobalIDString = 332B8D092DEE69E800E4FE94;
			remoteInfo = RecipeApp;
		};
/* End PBXContainerItemProxy section */

/* Begin PBXFileReference section */
		332B8D0A2DEE69E800E4FE94 /* RecipeApp.app */ = {isa = PBXFileReference; explicitFileType = wrapper.application; includeInIndex = 0; path = RecipeApp.app; sourceTree = BUILT_PRODUCTS_DIR; };
		332B8D1A2DEE69EB00E4FE94 /* RecipeAppTests.xctest */ = {isa = PBXFileReference; explicitFileType = wrapper.cfbundle; includeInIndex = 0; path = RecipeAppTests.xctest; sourceTree = BUILT_PRODUCTS_DIR; };
		332B8D242DEE69EB00E4FE94 /* RecipeAppUITests.xctest */ = {isa = PBXFileReference; explicitFileType = wrapper.cfbundle; includeInIndex = 0; path = RecipeAppUITests.xctest; sourceTree = BUILT_PRODUCTS_DIR; };
/* End PBXFileReference section */

/* Begin PBXFileSystemSynchronizedBuildFileExceptionSet section */
		332B8D852DEF6D1200E4FE94 /* Exceptions for "RecipeApp" folder in "RecipeApp" target */ = {
			isa = PBXFileSystemSynchronizedBuildFileExceptionSet;
			membershipExceptions = (
				Info.plist,
			);
			target = 332B8D092DEE69E800E4FE94 /* RecipeApp */;
		};
/* End PBXFileSystemSynchronizedBuildFileExceptionSet section */

/* Begin PBXFileSystemSynchronizedRootGroup section */
		332B8D0C2DEE69E800E4FE94 /* RecipeApp */ = {
			isa = PBXFileSystemSynchronizedRootGroup;
			exceptions = (
				332B8D852DEF6D1200E4FE94 /* Exceptions for "RecipeApp" folder in "RecipeApp" target */,
			);
			path = RecipeApp;
			sourceTree = "<group>";
		};
		332B8D1D2DEE69EB00E4FE94 /* RecipeAppTests */ = {
			isa = PBXFileSystemSynchronizedRootGroup;
			path = RecipeAppTests;
			sourceTree = "<group>";
		};
		332B8D272DEE69EB00E4FE94 /* RecipeAppUITests */ = {
			isa = PBXFileSystemSynchronizedRootGroup;
			path = RecipeAppUITests;
			sourceTree = "<group>";
		};
/* End PBXFileSystemSynchronizedRootGroup section */

/* Begin PBXFrameworksBuildPhase section */
		332B8D072DEE69E800E4FE94 /* Frameworks */ = {
			isa = PBXFrameworksBuildPhase;
			buildActionMask = 2147483647;
			files = (
			);
			runOnlyForDeploymentPostprocessing = 0;
		};
		332B8D172DEE69EB00E4FE94 /* Frameworks */ = {
			isa = PBXFrameworksBuildPhase;
			buildActionMask = 2147483647;
			files = (
			);
			runOnlyForDeploymentPostprocessing = 0;
		};
		332B8D212DEE69EB00E4FE94 /* Frameworks */ = {
			isa = PBXFrameworksBuildPhase;
			buildActionMask = 2147483647;
			files = (
			);
			runOnlyForDeploymentPostprocessing = 0;
		};
/* End PBXFrameworksBuildPhase section */

/* Begin PBXGroup section */
		332B8D012DEE69E700E4FE94 = {
			isa = PBXGroup;
			children = (
				332B8D0C2DEE69E800E4FE94 /* RecipeApp */,
				332B8D1D2DEE69EB00E4FE94 /* RecipeAppTests */,
				332B8D272DEE69EB00E4FE94 /* RecipeAppUITests */,
				332B8D0B2DEE69E800E4FE94 /* Products */,
			);
			sourceTree = "<group>";
		};
		332B8D0B2DEE69E800E4FE94 /* Products */ = {
			isa = PBXGroup;
			children = (
				332B8D0A2DEE69E800E4FE94 /* RecipeApp.app */,
				332B8D1A2DEE69EB00E4FE94 /* RecipeAppTests.xctest */,
				332B8D242DEE69EB00E4FE94 /* RecipeAppUITests.xctest */,
			);
			name = Products;
			sourceTree = "<group>";
		};
/* End PBXGroup section */

/* Begin PBXNativeTarget section */
		332B8D092DEE69E800E4FE94 /* RecipeApp */ = {
			isa = PBXNativeTarget;
			buildConfigurationList = 332B8D2E2DEE69EB00E4FE94 /* Build configuration list for PBXNativeTarget "RecipeApp" */;
			buildPhases = (
				332B8D062DEE69E800E4FE94 /* Sources */,
				332B8D072DEE69E800E4FE94 /* Frameworks */,
				332B8D082DEE69E800E4FE94 /* Resources */,
			);
			buildRules = (
			);
			dependencies = (
			);
			fileSystemSynchronizedGroups = (
				332B8D0C2DEE69E800E4FE94 /* RecipeApp */,
			);
			name = RecipeApp;
			packageProductDependencies = (
			);
			productName = RecipeApp;
			productReference = 332B8D0A2DEE69E800E4FE94 /* RecipeApp.app */;
			productType = "com.apple.product-type.application";
		};
		332B8D192DEE69EB00E4FE94 /* RecipeAppTests */ = {
			isa = PBXNativeTarget;
			buildConfigurationList = 332B8D312DEE69EB00E4FE94 /* Build configuration list for PBXNativeTarget "RecipeAppTests" */;
			buildPhases = (
				332B8D162DEE69EB00E4FE94 /* Sources */,
				332B8D172DEE69EB00E4FE94 /* Frameworks */,
				332B8D182DEE69EB00E4FE94 /* Resources */,
			);
			buildRules = (
			);
			dependencies = (
				332B8D1C2DEE69EB00E4FE94 /* PBXTargetDependency */,
			);
			fileSystemSynchronizedGroups = (
				332B8D1D2DEE69EB00E4FE94 /* RecipeAppTests */,
			);
			name = RecipeAppTests;
			packageProductDependencies = (
			);
			productName = RecipeAppTests;
			productReference = 332B8D1A2DEE69EB00E4FE94 /* RecipeAppTests.xctest */;
			productType = "com.apple.product-type.bundle.unit-test";
		};
		332B8D232DEE69EB00E4FE94 /* RecipeAppUITests */ = {
			isa = PBXNativeTarget;
			buildConfigurationList = 332B8D342DEE69EB00E4FE94 /* Build configuration list for PBXNativeTarget "RecipeAppUITests" */;
			buildPhases = (
				332B8D202DEE69EB00E4FE94 /* Sources */,
				332B8D212DEE69EB00E4FE94 /* Frameworks */,
				332B8D222DEE69EB00E4FE94 /* Resources */,
			);
			buildRules = (
			);
			dependencies = (
				332B8D262DEE69EB00E4FE94 /* PBXTargetDependency */,
			);
			fileSystemSynchronizedGroups = (
				332B8D272DEE69EB00E4FE94 /* RecipeAppUITests */,
			);
			name = RecipeAppUITests;
			packageProductDependencies = (
			);
			productName = RecipeAppUITests;
			productReference = 332B8D242DEE69EB00E4FE94 /* RecipeAppUITests.xctest */;
			productType = "com.apple.product-type.bundle.ui-testing";
		};
/* End PBXNativeTarget section */

/* Begin PBXProject section */
		332B8D022DEE69E700E4FE94 /* Project object */ = {
			isa = PBXProject;
			attributes = {
				BuildIndependentTargetsInParallel = 1;
				LastSwiftUpdateCheck = 1610;
				LastUpgradeCheck = 1610;
				TargetAttributes = {
					332B8D092DEE69E800E4FE94 = {
						CreatedOnToolsVersion = 16.1;
					};
					332B8D192DEE69EB00E4FE94 = {
						CreatedOnToolsVersion = 16.1;
						TestTargetID = 332B8D092DEE69E800E4FE94;
					};
					332B8D232DEE69EB00E4FE94 = {
						CreatedOnToolsVersion = 16.1;
						TestTargetID = 332B8D092DEE69E800E4FE94;
					};
				};
			};
			buildConfigurationList = 332B8D052DEE69E700E4FE94 /* Build configuration list for PBXProject "RecipeApp" */;
			developmentRegion = en;
			hasScannedForEncodings = 0;
			knownRegions = (
				en,
				Base,
			);
			mainGroup = 332B8D012DEE69E700E4FE94;
			minimizedProjectReferenceProxies = 1;
			preferredProjectObjectVersion = 77;
			productRefGroup = 332B8D0B2DEE69E800E4FE94 /* Products */;
			projectDirPath = "";
			projectRoot = "";
			targets = (
				332B8D092DEE69E800E4FE94 /* RecipeApp */,
				332B8D192DEE69EB00E4FE94 /* RecipeAppTests */,
				332B8D232DEE69EB00E4FE94 /* RecipeAppUITests */,
			);
		};
/* End PBXProject section */

/* Begin PBXResourcesBuildPhase section */
		332B8D082DEE69E800E4FE94 /* Resources */ = {
			isa = PBXResourcesBuildPhase;
			buildActionMask = 2147483647;
			files = (
			);
			runOnlyForDeploymentPostprocessing = 0;
		};
		332B8D182DEE69EB00E4FE94 /* Resources */ = {
			isa = PBXResourcesBuildPhase;
			buildActionMask = 2147483647;
			files = (
			);
			runOnlyForDeploymentPostprocessing = 0;
		};
		332B8D222DEE69EB00E4FE94 /* Resources */ = {
			isa = PBXResourcesBuildPhase;
			buildActionMask = 2147483647;
			files = (
			);
			runOnlyForDeploymentPostprocessing = 0;
		};
/* End PBXResourcesBuildPhase section */

/* Begin PBXSourcesBuildPhase section */
		332B8D062DEE69E800E4FE94 /* Sources */ = {
			isa = PBXSourcesBuildPhase;
			buildActionMask = 2147483647;
			files = (
			);
			runOnlyForDeploymentPostprocessing = 0;
		};
		332B8D162DEE69EB00E4FE94 /* Sources */ = {
			isa = PBXSourcesBuildPhase;
			buildActionMask = 2147483647;
			files = (
			);
			runOnlyForDeploymentPostprocessing = 0;
		};
		332B8D202DEE69EB00E4FE94 /* Sources */ = {
			isa = PBXSourcesBuildPhase;
			buildActionMask = 2147483647;
			files = (
			);
			runOnlyForDeploymentPostprocessing = 0;
		};
/* End PBXSourcesBuildPhase section */

/* Begin PBXTargetDependency section */
		332B8D1C2DEE69EB00E4FE94 /* PBXTargetDependency */ = {
			isa = PBXTargetDependency;
			target = 332B8D092DEE69E800E4FE94 /* RecipeApp */;
			targetProxy = 332B8D1B2DEE69EB00E4FE94 /* PBXContainerItemProxy */;
		};
		332B8D262DEE69EB00E4FE94 /* PBXTargetDependency */ = {
			isa = PBXTargetDependency;
			target = 332B8D092DEE69E800E4FE94 /* RecipeApp */;
			targetProxy = 332B8D252DEE69EB00E4FE94 /* PBXContainerItemProxy */;
		};
/* End PBXTargetDependency section */

/* Begin XCBuildConfiguration section */
		332B8D2C2DEE69EB00E4FE94 /* Debug */ = {
			isa = XCBuildConfiguration;
			buildSettings = {
				ALWAYS_SEARCH_USER_PATHS = NO;
				ASSETCATALOG_COMPILER_GENERATE_SWIFT_ASSET_SYMBOL_EXTENSIONS = YES;
				CLANG_ANALYZER_NONNULL = YES;
				CLANG_ANALYZER_NUMBER_OBJECT_CONVERSION = YES_AGGRESSIVE;
				CLANG_CXX_LANGUAGE_STANDARD = "gnu++20";
				CLANG_ENABLE_MODULES = YES;
				CLANG_ENABLE_OBJC_ARC = YES;
				CLANG_ENABLE_OBJC_WEAK = YES;
				CLANG_WARN_BLOCK_CAPTURE_AUTORELEASING = YES;
				CLANG_WARN_BOOL_CONVERSION = YES;
				CLANG_WARN_COMMA = YES;
				CLANG_WARN_CONSTANT_CONVERSION = YES;
				CLANG_WARN_DEPRECATED_OBJC_IMPLEMENTATIONS = YES;
				CLANG_WARN_DIRECT_OBJC_ISA_USAGE = YES_ERROR;
				CLANG_WARN_DOCUMENTATION_COMMENTS = YES;
				CLANG_WARN_EMPTY_BODY = YES;
				CLANG_WARN_ENUM_CONVERSION = YES;
				CLANG_WARN_INFINITE_RECURSION = YES;
				CLANG_WARN_INT_CONVERSION = YES;
				CLANG_WARN_NON_LITERAL_NULL_CONVERSION = YES;
				CLANG_WARN_OBJC_IMPLICIT_RETAIN_SELF = YES;
				CLANG_WARN_OBJC_LITERAL_CONVERSION = YES;
				CLANG_WARN_OBJC_ROOT_CLASS = YES_ERROR;
				CLANG_WARN_QUOTED_INCLUDE_IN_FRAMEWORK_HEADER = YES;
				CLANG_WARN_RANGE_LOOP_ANALYSIS = YES;
				CLANG_WARN_STRICT_PROTOTYPES = YES;
				CLANG_WARN_SUSPICIOUS_MOVE = YES;
				CLANG_WARN_UNGUARDED_AVAILABILITY = YES_AGGRESSIVE;
				CLANG_WARN_UNREACHABLE_CODE = YES;
				CLANG_WARN__DUPLICATE_METHOD_MATCH = YES;
				COPY_PHASE_STRIP = NO;
				DEBUG_INFORMATION_FORMAT = dwarf;
				ENABLE_STRICT_OBJC_MSGSEND = YES;
				ENABLE_TESTABILITY = YES;
				ENABLE_USER_SCRIPT_SANDBOXING = YES;
				GCC_C_LANGUAGE_STANDARD = gnu17;
				GCC_DYNAMIC_NO_PIC = NO;
				GCC_NO_COMMON_BLOCKS = YES;
				GCC_OPTIMIZATION_LEVEL = 0;
				GCC_PREPROCESSOR_DEFINITIONS = (
					"DEBUG=1",
					"$(inherited)",
				);
				GCC_WARN_64_TO_32_BIT_CONVERSION = YES;
				GCC_WARN_ABOUT_RETURN_TYPE = YES_ERROR;
				GCC_WARN_UNDECLARED_SELECTOR = YES;
				GCC_WARN_UNINITIALIZED_AUTOS = YES_AGGRESSIVE;
				GCC_WARN_UNUSED_FUNCTION = YES;
				GCC_WARN_UNUSED_VARIABLE = YES;
				IPHONEOS_DEPLOYMENT_TARGET = 18.1;
				LOCALIZATION_PREFERS_STRING_CATALOGS = YES;
				MTL_ENABLE_DEBUG_INFO = INCLUDE_SOURCE;
				MTL_FAST_MATH = YES;
				ONLY_ACTIVE_ARCH = YES;
				SDKROOT = iphoneos;
				SWIFT_ACTIVE_COMPILATION_CONDITIONS = "DEBUG $(inherited)";
				SWIFT_OPTIMIZATION_LEVEL = "-Onone";
			};
			name = Debug;
		};
		332B8D2D2DEE69EB00E4FE94 /* Release */ = {
			isa = XCBuildConfiguration;
			buildSettings = {
				ALWAYS_SEARCH_USER_PATHS = NO;
				ASSETCATALOG_COMPILER_GENERATE_SWIFT_ASSET_SYMBOL_EXTENSIONS = YES;
				CLANG_ANALYZER_NONNULL = YES;
				CLANG_ANALYZER_NUMBER_OBJECT_CONVERSION = YES_AGGRESSIVE;
				CLANG_CXX_LANGUAGE_STANDARD = "gnu++20";
				CLANG_ENABLE_MODULES = YES;
				CLANG_ENABLE_OBJC_ARC = YES;
				CLANG_ENABLE_OBJC_WEAK = YES;
				CLANG_WARN_BLOCK_CAPTURE_AUTORELEASING = YES;
				CLANG_WARN_BOOL_CONVERSION = YES;
				CLANG_WARN_COMMA = YES;
				CLANG_WARN_CONSTANT_CONVERSION = YES;
				CLANG_WARN_DEPRECATED_OBJC_IMPLEMENTATIONS = YES;
				CLANG_WARN_DIRECT_OBJC_ISA_USAGE = YES_ERROR;
				CLANG_WARN_DOCUMENTATION_COMMENTS = YES;
				CLANG_WARN_EMPTY_BODY = YES;
				CLANG_WARN_ENUM_CONVERSION = YES;
				CLANG_WARN_INFINITE_RECURSION = YES;
				CLANG_WARN_INT_CONVERSION = YES;
				CLANG_WARN_NON_LITERAL_NULL_CONVERSION = YES;
				CLANG_WARN_OBJC_IMPLICIT_RETAIN_SELF = YES;
				CLANG_WARN_OBJC_LITERAL_CONVERSION = YES;
				CLANG_WARN_OBJC_ROOT_CLASS = YES_ERROR;
				CLANG_WARN_QUOTED_INCLUDE_IN_FRAMEWORK_HEADER = YES;
				CLANG_WARN_RANGE_LOOP_ANALYSIS = YES;
				CLANG_WARN_STRICT_PROTOTYPES = YES;
				CLANG_WARN_SUSPICIOUS_MOVE = YES;
				CLANG_WARN_UNGUARDED_AVAILABILITY = YES_AGGRESSIVE;
				CLANG_WARN_UNREACHABLE_CODE = YES;
				CLANG_WARN__DUPLICATE_METHOD_MATCH = YES;
				COPY_PHASE_STRIP = NO;
				DEBUG_INFORMATION_FORMAT = "dwarf-with-dsym";
				ENABLE_NS_ASSERTIONS = NO;
				ENABLE_STRICT_OBJC_MSGSEND = YES;
				ENABLE_USER_SCRIPT_SANDBOXING = YES;
				GCC_C_LANGUAGE_STANDARD = gnu17;
				GCC_NO_COMMON_BLOCKS = YES;
				GCC_WARN_64_TO_32_BIT_CONVERSION = YES;
				GCC_WARN_ABOUT_RETURN_TYPE = YES_ERROR;
				GCC_WARN_UNDECLARED_SELECTOR = YES;
				GCC_WARN_UNINITIALIZED_AUTOS = YES_AGGRESSIVE;
				GCC_WARN_UNUSED_FUNCTION = YES;
				GCC_WARN_UNUSED_VARIABLE = YES;
				IPHONEOS_DEPLOYMENT_TARGET = 18.1;
				LOCALIZATION_PREFERS_STRING_CATALOGS = YES;
				MTL_ENABLE_DEBUG_INFO = NO;
				MTL_FAST_MATH = YES;
				SDKROOT = iphoneos;
				SWIFT_COMPILATION_MODE = wholemodule;
				VALIDATE_PRODUCT = YES;
			};
			name = Release;
		};
		332B8D2F2DEE69EB00E4FE94 /* Debug */ = {
			isa = XCBuildConfiguration;
			buildSettings = {
				ASSETCATALOG_COMPILER_APPICON_NAME = AppIcon;
				ASSETCATALOG_COMPILER_GLOBAL_ACCENT_COLOR_NAME = AccentColor;
				CODE_SIGN_STYLE = Automatic;
				CURRENT_PROJECT_VERSION = 1;
				DEVELOPMENT_ASSET_PATHS = "\"RecipeApp/Preview Content\"";
				DEVELOPMENT_TEAM = JQ99DJ6SM6;
				ENABLE_PREVIEWS = YES;
				GENERATE_INFOPLIST_FILE = YES;
				INFOPLIST_FILE = RecipeApp/Info.plist;
				INFOPLIST_KEY_UIApplicationSceneManifest_Generation = YES;
				INFOPLIST_KEY_UIApplicationSupportsIndirectInputEvents = YES;
				INFOPLIST_KEY_UILaunchScreen_Generation = YES;
				INFOPLIST_KEY_UISupportedInterfaceOrientations_iPad = "UIInterfaceOrientationPortrait UIInterfaceOrientationPortraitUpsideDown UIInterfaceOrientationLandscapeLeft UIInterfaceOrientationLandscapeRight";
				INFOPLIST_KEY_UISupportedInterfaceOrientations_iPhone = "UIInterfaceOrientationPortrait UIInterfaceOrientationLandscapeLeft UIInterfaceOrientationLandscapeRight";
				IPHONEOS_DEPLOYMENT_TARGET = 16.6;
				LD_RUNPATH_SEARCH_PATHS = (
					"$(inherited)",
					"@executable_path/Frameworks",
				);
				MARKETING_VERSION = 1.0;
				PRODUCT_BUNDLE_IDENTIFIER = com.hana.RecipeApp;
				PRODUCT_NAME = "$(TARGET_NAME)";
				SWIFT_EMIT_LOC_STRINGS = YES;
				SWIFT_VERSION = 5.0;
				TARGETED_DEVICE_FAMILY = "1,2";
			};
			name = Debug;
		};
		332B8D302DEE69EB00E4FE94 /* Release */ = {
			isa = XCBuildConfiguration;
			buildSettings = {
				ASSETCATALOG_COMPILER_APPICON_NAME = AppIcon;
				ASSETCATALOG_COMPILER_GLOBAL_ACCENT_COLOR_NAME = AccentColor;
				CODE_SIGN_STYLE = Automatic;
				CURRENT_PROJECT_VERSION = 1;
				DEVELOPMENT_ASSET_PATHS = "\"RecipeApp/Preview Content\"";
				DEVELOPMENT_TEAM = JQ99DJ6SM6;
				ENABLE_PREVIEWS = YES;
				GENERATE_INFOPLIST_FILE = YES;
				INFOPLIST_FILE = RecipeApp/Info.plist;
				INFOPLIST_KEY_UIApplicationSceneManifest_Generation = YES;
				INFOPLIST_KEY_UIApplicationSupportsIndirectInputEvents = YES;
				INFOPLIST_KEY_UILaunchScreen_Generation = YES;
				INFOPLIST_KEY_UISupportedInterfaceOrientations_iPad = "UIInterfaceOrientationPortrait UIInterfaceOrientationPortraitUpsideDown UIInterfaceOrientationLandscapeLeft UIInterfaceOrientationLandscapeRight";
				INFOPLIST_KEY_UISupportedInterfaceOrientations_iPhone = "UIInterfaceOrientationPortrait UIInterfaceOrientationLandscapeLeft UIInterfaceOrientationLandscapeRight";
				IPHONEOS_DEPLOYMENT_TARGET = 16.6;
				LD_RUNPATH_SEARCH_PATHS = (
					"$(inherited)",
					"@executable_path/Frameworks",
				);
				MARKETING_VERSION = 1.0;
				PRODUCT_BUNDLE_IDENTIFIER = com.hana.RecipeApp;
				PRODUCT_NAME = "$(TARGET_NAME)";
				SWIFT_EMIT_LOC_STRINGS = YES;
				SWIFT_VERSION = 5.0;
				TARGETED_DEVICE_FAMILY = "1,2";
			};
			name = Release;
		};
		332B8D322DEE69EB00E4FE94 /* Debug */ = {
			isa = XCBuildConfiguration;
			buildSettings = {
				BUNDLE_LOADER = "$(TEST_HOST)";
				CODE_SIGN_STYLE = Automatic;
				CURRENT_PROJECT_VERSION = 1;
				GENERATE_INFOPLIST_FILE = YES;
				IPHONEOS_DEPLOYMENT_TARGET = 18.1;
				MARKETING_VERSION = 1.0;
				PRODUCT_BUNDLE_IDENTIFIER = com.hana.RecipeAppTests;
				PRODUCT_NAME = "$(TARGET_NAME)";
				SWIFT_EMIT_LOC_STRINGS = NO;
				SWIFT_VERSION = 5.0;
				TARGETED_DEVICE_FAMILY = "1,2";
				TEST_HOST = "$(BUILT_PRODUCTS_DIR)/RecipeApp.app/$(BUNDLE_EXECUTABLE_FOLDER_PATH)/RecipeApp";
			};
			name = Debug;
		};
		332B8D332DEE69EB00E4FE94 /* Release */ = {
			isa = XCBuildConfiguration;
			buildSettings = {
				BUNDLE_LOADER = "$(TEST_HOST)";
				CODE_SIGN_STYLE = Automatic;
				CURRENT_PROJECT_VERSION = 1;
				GENERATE_INFOPLIST_FILE = YES;
				IPHONEOS_DEPLOYMENT_TARGET = 18.1;
				MARKETING_VERSION = 1.0;
				PRODUCT_BUNDLE_IDENTIFIER = com.hana.RecipeAppTests;
				PRODUCT_NAME = "$(TARGET_NAME)";
				SWIFT_EMIT_LOC_STRINGS = NO;
				SWIFT_VERSION = 5.0;
				TARGETED_DEVICE_FAMILY = "1,2";
				TEST_HOST = "$(BUILT_PRODUCTS_DIR)/RecipeApp.app/$(BUNDLE_EXECUTABLE_FOLDER_PATH)/RecipeApp";
			};
			name = Release;
		};
		332B8D352DEE69EB00E4FE94 /* Debug */ = {
			isa = XCBuildConfiguration;
			buildSettings = {
				CODE_SIGN_STYLE = Automatic;
				CURRENT_PROJECT_VERSION = 1;
				GENERATE_INFOPLIST_FILE = YES;
				MARKETING_VERSION = 1.0;
				PRODUCT_BUNDLE_IDENTIFIER = com.hana.RecipeAppUITests;
				PRODUCT_NAME = "$(TARGET_NAME)";
				SWIFT_EMIT_LOC_STRINGS = NO;
				SWIFT_VERSION = 5.0;
				TARGETED_DEVICE_FAMILY = "1,2";
				TEST_TARGET_NAME = RecipeApp;
			};
			name = Debug;
		};
		332B8D362DEE69EB00E4FE94 /* Release */ = {
			isa = XCBuildConfiguration;
			buildSettings = {
				CODE_SIGN_STYLE = Automatic;
				CURRENT_PROJECT_VERSION = 1;
				GENERATE_INFOPLIST_FILE = YES;
				MARKETING_VERSION = 1.0;
				PRODUCT_BUNDLE_IDENTIFIER = com.hana.RecipeAppUITests;
				PRODUCT_NAME = "$(TARGET_NAME)";
				SWIFT_EMIT_LOC_STRINGS = NO;
				SWIFT_VERSION = 5.0;
				TARGETED_DEVICE_FAMILY = "1,2";
				TEST_TARGET_NAME = RecipeApp;
			};
			name = Release;
		};
/* End XCBuildConfiguration section */

/* Begin XCConfigurationList section */
		332B8D052DEE69E700E4FE94 /* Build configuration list for PBXProject "RecipeApp" */ = {
			isa = XCConfigurationList;
			buildConfigurations = (
				332B8D2C2DEE69EB00E4FE94 /* Debug */,
				332B8D2D2DEE69EB00E4FE94 /* Release */,
			);
			defaultConfigurationIsVisible = 0;
			defaultConfigurationName = Release;
		};
		332B8D2E2DEE69EB00E4FE94 /* Build configuration list for PBXNativeTarget "RecipeApp" */ = {
			isa = XCConfigurationList;
			buildConfigurations = (
				332B8D2F2DEE69EB00E4FE94 /* Debug */,
				332B8D302DEE69EB00E4FE94 /* Release */,
			);
			defaultConfigurationIsVisible = 0;
			defaultConfigurationName = Release;
		};
		332B8D312DEE69EB00E4FE94 /* Build configuration list for PBXNativeTarget "RecipeAppTests" */ = {
			isa = XCConfigurationList;
			buildConfigurations = (
				332B8D322DEE69EB00E4FE94 /* Debug */,
				332B8D332DEE69EB00E4FE94 /* Release */,
			);
			defaultConfigurationIsVisible = 0;
			defaultConfigurationName = Release;
		};
		332B8D342DEE69EB00E4FE94 /* Build configuration list for PBXNativeTarget "RecipeAppUITests" */ = {
			isa = XCConfigurationList;
			buildConfigurations = (
				332B8D352DEE69EB00E4FE94 /* Debug */,
				332B8D362DEE69EB00E4FE94 /* Release */,
			);
			defaultConfigurationIsVisible = 0;
			defaultConfigurationName = Release;
		};
/* End XCConfigurationList section */
	};
	rootObject = 332B8D022DEE69E700E4FE94 /* Project object */;
}
